// !$*UTF8*$!
{
	archiveVersion = 1;
	classes = {
	};
	objectVersion = 56;
	objects = {

/* Begin PBXBuildFile section */
		CCECD8892992AD3400A08177 /* landscapingCalculatorApp.swift in Sources */ = {isa = PBXBuildFile; fileRef = CCECD8882992AD3400A08177 /* landscapingCalculatorApp.swift */; };
		CCECD88D2992AD3800A08177 /* Assets.xcassets in Resources */ = {isa = PBXBuildFile; fileRef = CCECD88C2992AD3800A08177 /* Assets.xcassets */; };
		CCECD8902992AD3800A08177 /* Preview Assets.xcassets in Resources */ = {isa = PBXBuildFile; fileRef = CCECD88F2992AD3800A08177 /* Preview Assets.xcassets */; };
		CCECD8A42992C1AD00A08177 /* landscapingStructure.swift in Sources */ = {isa = PBXBuildFile; fileRef = CCECD8A32992C1AD00A08177 /* landscapingStructure.swift */; };
		CCECD8B0299310DF00A08177 /* landscapeCalculatorView.swift in Sources */ = {isa = PBXBuildFile; fileRef = CCECD8AF299310DF00A08177 /* landscapeCalculatorView.swift */; };
		CCECD8B2299331A900A08177 /* listView.swift in Sources */ = {isa = PBXBuildFile; fileRef = CCECD8B1299331A900A08177 /* listView.swift */; };
/* End PBXBuildFile section */

/* Begin PBXFileReference section */
		CCECD8852992AD3400A08177 /* landscapingCalculator.app */ = {isa = PBXFileReference; explicitFileType = wrapper.application; includeInIndex = 0; path = landscapingCalculator.app; sourceTree = BUILT_PRODUCTS_DIR; };
		CCECD8882992AD3400A08177 /* landscapingCalculatorApp.swift */ = {isa = PBXFileReference; lastKnownFileType = sourcecode.swift; path = landscapingCalculatorApp.swift; sourceTree = "<group>"; };
		CCECD88C2992AD3800A08177 /* Assets.xcassets */ = {isa = PBXFileReference; lastKnownFileType = folder.assetcatalog; path = Assets.xcassets; sourceTree = "<group>"; };
		CCECD88F2992AD3800A08177 /* Preview Assets.xcassets */ = {isa = PBXFileReference; lastKnownFileType = folder.assetcatalog; path = "Preview Assets.xcassets"; sourceTree = "<group>"; };
		CCECD8A32992C1AD00A08177 /* landscapingStructure.swift */ = {isa = PBXFileReference; lastKnownFileType = sourcecode.swift; path = landscapingStructure.swift; sourceTree = "<group>"; };
		CCECD8AF299310DF00A08177 /* landscapeCalculatorView.swift */ = {isa = PBXFileReference; lastKnownFileType = sourcecode.swift; path = landscapeCalculatorView.swift; sourceTree = "<group>"; };
		CCECD8B1299331A900A08177 /* listView.swift */ = {isa = PBXFileReference; lastKnownFileType = sourcecode.swift; path = listView.swift; sourceTree = "<group>"; };
/* End PBXFileReference section */

/* Begin PBXFrameworksBuildPhase section */
		CCECD8822992AD3400A08177 /* Frameworks */ = {
			isa = PBXFrameworksBuildPhase;
			buildActionMask = 2147483647;
			files = (
			);
			runOnlyForDeploymentPostprocessing = 0;
		};
/* End PBXFrameworksBuildPhase section */

/* Begin PBXGroup section */
		CCECD87C2992AD3400A08177 = {
			isa = PBXGroup;
			children = (
				CCECD8872992AD3400A08177 /* landscapingCalculator */,
				CCECD8862992AD3400A08177 /* Products */,
			);
			sourceTree = "<group>";
		};
		CCECD8862992AD3400A08177 /* Products */ = {
			isa = PBXGroup;
			children = (
				CCECD8852992AD3400A08177 /* landscapingCalculator.app */,
			);
			name = Products;
			sourceTree = "<group>";
		};
		CCECD8872992AD3400A08177 /* landscapingCalculator */ = {
			isa = PBXGroup;
			children = (
				CCECD8882992AD3400A08177 /* landscapingCalculatorApp.swift */,
				CCECD8972992BED000A08177 /* views */,
				CCECD8A02992BFDB00A08177 /* landscapingModel */,
				CCECD88C2992AD3800A08177 /* Assets.xcassets */,
				CCECD88E2992AD3800A08177 /* Preview Content */,
			);
			path = landscapingCalculator;
			sourceTree = "<group>";
		};
		CCECD88E2992AD3800A08177 /* Preview Content */ = {
			isa = PBXGroup;
			children = (
				CCECD88F2992AD3800A08177 /* Preview Assets.xcassets */,
			);
			path = "Preview Content";
			sourceTree = "<group>";
		};
		CCECD8972992BED000A08177 /* views */ = {
			isa = PBXGroup;
			children = (
				CCECD8B1299331A900A08177 /* listView.swift */,
				CCECD8AF299310DF00A08177 /* landscapeCalculatorView.swift */,
			);
			path = views;
			sourceTree = "<group>";
		};
		CCECD8A02992BFDB00A08177 /* landscapingModel */ = {
			isa = PBXGroup;
			children = (
				CCECD8A32992C1AD00A08177 /* landscapingStructure.swift */,
			);
			path = landscapingModel;
			sourceTree = "<group>";
		};
/* End PBXGroup section */

/* Begin PBXNativeTarget section */
		CCECD8842992AD3400A08177 /* landscapingCalculator */ = {
			isa = PBXNativeTarget;
			buildConfigurationList = CCECD8932992AD3800A08177 /* Build configuration list for PBXNativeTarget "landscapingCalculator" */;
			buildPhases = (
				CCECD8812992AD3400A08177 /* Sources */,
				CCECD8822992AD3400A08177 /* Frameworks */,
				CCECD8832992AD3400A08177 /* Resources */,
			);
			buildRules = (
			);
			dependencies = (
			);
			name = landscapingCalculator;
			productName = landscapingCalculator;
			productReference = CCECD8852992AD3400A08177 /* landscapingCalculator.app */;
			productType = "com.apple.product-type.application";
		};
/* End PBXNativeTarget section */

/* Begin PBXProject section */
		CCECD87D2992AD3400A08177 /* Project object */ = {
			isa = PBXProject;
			attributes = {
				BuildIndependentTargetsInParallel = 1;
				LastSwiftUpdateCheck = 1420;
				LastUpgradeCheck = 1420;
				TargetAttributes = {
					CCECD8842992AD3400A08177 = {
						CreatedOnToolsVersion = 14.2;
					};
				};
			};
			buildConfigurationList = CCECD8802992AD3400A08177 /* Build configuration list for PBXProject "landscapingCalculator" */;
			compatibilityVersion = "Xcode 14.0";
			developmentRegion = en;
			hasScannedForEncodings = 0;
			knownRegions = (
				en,
				Base,
			);
			mainGroup = CCECD87C2992AD3400A08177;
			productRefGroup = CCECD8862992AD3400A08177 /* Products */;
			projectDirPath = "";
			projectRoot = "";
			targets = (
				CCECD8842992AD3400A08177 /* landscapingCalculator */,
			);
		};
/* End PBXProject section */

/* Begin PBXResourcesBuildPhase section */
		CCECD8832992AD3400A08177 /* Resources */ = {
			isa = PBXResourcesBuildPhase;
			buildActionMask = 2147483647;
			files = (
				CCECD8902992AD3800A08177 /* Preview Assets.xcassets in Resources */,
				CCECD88D2992AD3800A08177 /* Assets.xcassets in Resources */,
			);
			runOnlyForDeploymentPostprocessing = 0;
		};
/* End PBXResourcesBuildPhase section */

/* Begin PBXSourcesBuildPhase section */
		CCECD8812992AD3400A08177 /* Sources */ = {
			isa = PBXSourcesBuildPhase;
			buildActionMask = 2147483647;
			files = (
				CCECD8B2299331A900A08177 /* listView.swift in Sources */,
				CCECD8B0299310DF00A08177 /* landscapeCalculatorView.swift in Sources */,
				CCECD8892992AD3400A08177 /* landscapingCalculatorApp.swift in Sources */,
				CCECD8A42992C1AD00A08177 /* landscapingStructure.swift in Sources */,
			);
			runOnlyForDeploymentPostprocessing = 0;
		};
/* End PBXSourcesBuildPhase section */

/* Begin XCBuildConfiguration section */
		CCECD8912992AD3800A08177 /* Debug */ = {
			isa = XCBuildConfiguration;
			buildSettings = {
				ALWAYS_SEARCH_USER_PATHS = NO;
				CLANG_ANALYZER_NONNULL = YES;
				CLANG_ANALYZER_NUMBER_OBJECT_CONVERSION = YES_AGGRESSIVE;
				CLANG_CXX_LANGUAGE_STANDARD = "gnu++20";
				CLANG_ENABLE_MODULES = YES;
				CLANG_ENABLE_OBJC_ARC = YES;
				CLANG_ENABLE_OBJC_WEAK = YES;
				CLANG_WARN_BLOCK_CAPTURE_AUTORELEASING = YES;
				CLANG_WARN_BOOL_CONVERSION = YES;
				CLANG_WARN_COMMA = YES;
				CLANG_WARN_CONSTANT_CONVERSION = YES;
				CLANG_WARN_DEPRECATED_OBJC_IMPLEMENTATIONS = YES;
				CLANG_WARN_DIRECT_OBJC_ISA_USAGE = YES_ERROR;
				CLANG_WARN_DOCUMENTATION_COMMENTS = YES;
				CLANG_WARN_EMPTY_BODY = YES;
				CLANG_WARN_ENUM_CONVERSION = YES;
				CLANG_WARN_INFINITE_RECURSION = YES;
				CLANG_WARN_INT_CONVERSION = YES;
				CLANG_WARN_NON_LITERAL_NULL_CONVERSION = YES;
				CLANG_WARN_OBJC_IMPLICIT_RETAIN_SELF = YES;
				CLANG_WARN_OBJC_LITERAL_CONVERSION = YES;
				CLANG_WARN_OBJC_ROOT_CLASS = YES_ERROR;
				CLANG_WARN_QUOTED_INCLUDE_IN_FRAMEWORK_HEADER = YES;
				CLANG_WARN_RANGE_LOOP_ANALYSIS = YES;
				CLANG_WARN_STRICT_PROTOTYPES = YES;
				CLANG_WARN_SUSPICIOUS_MOVE = YES;
				CLANG_WARN_UNGUARDED_AVAILABILITY = YES_AGGRESSIVE;
				CLANG_WARN_UNREACHABLE_CODE = YES;
				CLANG_WARN__DUPLICATE_METHOD_MATCH = YES;
				COPY_PHASE_STRIP = NO;
				DEBUG_INFORMATION_FORMAT = dwarf;
				ENABLE_STRICT_OBJC_MSGSEND = YES;
				ENABLE_TESTABILITY = YES;
				GCC_C_LANGUAGE_STANDARD = gnu11;
				GCC_DYNAMIC_NO_PIC = NO;
				GCC_NO_COMMON_BLOCKS = YES;
				GCC_OPTIMIZATION_LEVEL = 0;
				GCC_PREPROCESSOR_DEFINITIONS = (
					"DEBUG=1",
					"$(inherited)",
				);
				GCC_WARN_64_TO_32_BIT_CONVERSION = YES;
				GCC_WARN_ABOUT_RETURN_TYPE = YES_ERROR;
				GCC_WARN_UNDECLARED_SELECTOR = YES;
				GCC_WARN_UNINITIALIZED_AUTOS = YES_AGGRESSIVE;
				GCC_WARN_UNUSED_FUNCTION = YES;
				GCC_WARN_UNUSED_VARIABLE = YES;
				IPHONEOS_DEPLOYMENT_TARGET = 16.2;
				MTL_ENABLE_DEBUG_INFO = INCLUDE_SOURCE;
				MTL_FAST_MATH = YES;
				ONLY_ACTIVE_ARCH = YES;
				SDKROOT = iphoneos;
				SWIFT_ACTIVE_COMPILATION_CONDITIONS = DEBUG;
				SWIFT_OPTIMIZATION_LEVEL = "-Onone";
			};
			name = Debug;
		};
		CCECD8922992AD3800A08177 /* Release */ = {
			isa = XCBuildConfiguration;
			buildSettings = {
				ALWAYS_SEARCH_USER_PATHS = NO;
				CLANG_ANALYZER_NONNULL = YES;
				CLANG_ANALYZER_NUMBER_OBJECT_CONVERSION = YES_AGGRESSIVE;
				CLANG_CXX_LANGUAGE_STANDARD = "gnu++20";
				CLANG_ENABLE_MODULES = YES;
				CLANG_ENABLE_OBJC_ARC = YES;
				CLANG_ENABLE_OBJC_WEAK = YES;
				CLANG_WARN_BLOCK_CAPTURE_AUTORELEASING = YES;
				CLANG_WARN_BOOL_CONVERSION = YES;
				CLANG_WARN_COMMA = YES;
				CLANG_WARN_CONSTANT_CONVERSION = YES;
				CLANG_WARN_DEPRECATED_OBJC_IMPLEMENTATIONS = YES;
				CLANG_WARN_DIRECT_OBJC_ISA_USAGE = YES_ERROR;
				CLANG_WARN_DOCUMENTATION_COMMENTS = YES;
				CLANG_WARN_EMPTY_BODY = YES;
				CLANG_WARN_ENUM_CONVERSION = YES;
				CLANG_WARN_INFINITE_RECURSION = YES;
				CLANG_WARN_INT_CONVERSION = YES;
				CLANG_WARN_NON_LITERAL_NULL_CONVERSION = YES;
				CLANG_WARN_OBJC_IMPLICIT_RETAIN_SELF = YES;
				CLANG_WARN_OBJC_LITERAL_CONVERSION = YES;
				CLANG_WARN_OBJC_ROOT_CLASS = YES_ERROR;
				CLANG_WARN_QUOTED_INCLUDE_IN_FRAMEWORK_HEADER = YES;
				CLANG_WARN_RANGE_LOOP_ANALYSIS = YES;
				CLANG_WARN_STRICT_PROTOTYPES = YES;
				CLANG_WARN_SUSPICIOUS_MOVE = YES;
				CLANG_WARN_UNGUARDED_AVAILABILITY = YES_AGGRESSIVE;
				CLANG_WARN_UNREACHABLE_CODE = YES;
				CLANG_WARN__DUPLICATE_METHOD_MATCH = YES;
				COPY_PHASE_STRIP = NO;
				DEBUG_INFORMATION_FORMAT = "dwarf-with-dsym";
				ENABLE_NS_ASSERTIONS = NO;
				ENABLE_STRICT_OBJC_MSGSEND = YES;
				GCC_C_LANGUAGE_STANDARD = gnu11;
				GCC_NO_COMMON_BLOCKS = YES;
				GCC_WARN_64_TO_32_BIT_CONVERSION = YES;
				GCC_WARN_ABOUT_RETURN_TYPE = YES_ERROR;
				GCC_WARN_UNDECLARED_SELECTOR = YES;
				GCC_WARN_UNINITIALIZED_AUTOS = YES_AGGRESSIVE;
				GCC_WARN_UNUSED_FUNCTION = YES;
				GCC_WARN_UNUSED_VARIABLE = YES;
				IPHONEOS_DEPLOYMENT_TARGET = 16.2;
				MTL_ENABLE_DEBUG_INFO = NO;
				MTL_FAST_MATH = YES;
				SDKROOT = iphoneos;
				SWIFT_COMPILATION_MODE = wholemodule;
				SWIFT_OPTIMIZATION_LEVEL = "-O";
				VALIDATE_PRODUCT = YES;
			};
			name = Release;
		};
		CCECD8942992AD3800A08177 /* Debug */ = {
			isa = XCBuildConfiguration;
			buildSettings = {
				ASSETCATALOG_COMPILER_APPICON_NAME = AppIcon;
				ASSETCATALOG_COMPILER_GLOBAL_ACCENT_COLOR_NAME = AccentColor;
				CODE_SIGN_STYLE = Automatic;
				CURRENT_PROJECT_VERSION = 1;
				DEVELOPMENT_ASSET_PATHS = "\"landscapingCalculator/Preview Content\"";
				ENABLE_PREVIEWS = YES;
				GENERATE_INFOPLIST_FILE = YES;
				INFOPLIST_KEY_UIApplicationSceneManifest_Generation = YES;
				INFOPLIST_KEY_UIApplicationSupportsIndirectInputEvents = YES;
				INFOPLIST_KEY_UILaunchScreen_Generation = YES;
				INFOPLIST_KEY_UISupportedInterfaceOrientations_iPad = "UIInterfaceOrientationPortrait UIInterfaceOrientationPortraitUpsideDown UIInterfaceOrientationLandscapeLeft UIInterfaceOrientationLandscapeRight";
				INFOPLIST_KEY_UISupportedInterfaceOrientations_iPhone = "UIInterfaceOrientationPortrait UIInterfaceOrientationLandscapeLeft UIInterfaceOrientationLandscapeRight";
				LD_RUNPATH_SEARCH_PATHS = (
					"$(inherited)",
					"@executable_path/Frameworks",
				);
				MARKETING_VERSION = 1.0;
				PRODUCT_BUNDLE_IDENTIFIER = com.codewithmorgan.landscapingCalculator;
				PRODUCT_NAME = "$(TARGET_NAME)";
				SWIFT_EMIT_LOC_STRINGS = YES;
				SWIFT_VERSION = 5.0;
				TARGETED_DEVICE_FAMILY = "1,2";
			};
			name = Debug;
		};
		CCECD8952992AD3800A08177 /* Release */ = {
			isa = XCBuildConfiguration;
			buildSettings = {
				ASSETCATALOG_COMPILER_APPICON_NAME = AppIcon;
				ASSETCATALOG_COMPILER_GLOBAL_ACCENT_COLOR_NAME = AccentColor;
				CODE_SIGN_STYLE = Automatic;
				CURRENT_PROJECT_VERSION = 1;
				DEVELOPMENT_ASSET_PATHS = "\"landscapingCalculator/Preview Content\"";
				ENABLE_PREVIEWS = YES;
				GENERATE_INFOPLIST_FILE = YES;
				INFOPLIST_KEY_UIApplicationSceneManifest_Generation = YES;
				INFOPLIST_KEY_UIApplicationSupportsIndirectInputEvents = YES;
				INFOPLIST_KEY_UILaunchScreen_Generation = YES;
				INFOPLIST_KEY_UISupportedInterfaceOrientations_iPad = "UIInterfaceOrientationPortrait UIInterfaceOrientationPortraitUpsideDown UIInterfaceOrientationLandscapeLeft UIInterfaceOrientationLandscapeRight";
				INFOPLIST_KEY_UISupportedInterfaceOrientations_iPhone = "UIInterfaceOrientationPortrait UIInterfaceOrientationLandscapeLeft UIInterfaceOrientationLandscapeRight";
				LD_RUNPATH_SEARCH_PATHS = (
					"$(inherited)",
					"@executable_path/Frameworks",
				);
				MARKETING_VERSION = 1.0;
				PRODUCT_BUNDLE_IDENTIFIER = com.codewithmorgan.landscapingCalculator;
				PRODUCT_NAME = "$(TARGET_NAME)";
				SWIFT_EMIT_LOC_STRINGS = YES;
				SWIFT_VERSION = 5.0;
				TARGETED_DEVICE_FAMILY = "1,2";
			};
			name = Release;
		};
/* End XCBuildConfiguration section */

/* Begin XCConfigurationList section */
		CCECD8802992AD3400A08177 /* Build configuration list for PBXProject "landscapingCalculator" */ = {
			isa = XCConfigurationList;
			buildConfigurations = (
				CCECD8912992AD3800A08177 /* Debug */,
				CCECD8922992AD3800A08177 /* Release */,
			);
			defaultConfigurationIsVisible = 0;
			defaultConfigurationName = Release;
		};
		CCECD8932992AD3800A08177 /* Build configuration list for PBXNativeTarget "landscapingCalculator" */ = {
			isa = XCConfigurationList;
			buildConfigurations = (
				CCECD8942992AD3800A08177 /* Debug */,
				CCECD8952992AD3800A08177 /* Release */,
			);
			defaultConfigurationIsVisible = 0;
			defaultConfigurationName = Release;
		};
/* End XCConfigurationList section */
	};
	rootObject = CCECD87D2992AD3400A08177 /* Project object */;
}
